{
  "name": "bubuolip",
  "version": "1.1.2",
  "lockfileVersion": 3,
  "requires": true,
  "packages": {
    "": {
      "name": "bubuolip",
      "version": "1.1.2",
      "license": "ISC",
      "dependencies": {
        "bubuolip": "^1.1.2"
      }
    },
    "node_modules/bubuolip": {
      "version": "1.1.2",
      "resolved": "https://registry.npmjs.org/bubuolip/-/bubuolip-1.1.2.tgz",
      "integrity": "sha512-sMbSkj1ZQcP8uNlfi+DJSPyNNSHhz2rEEfbrJfzNVwrGd57Oj7e5HAQ9T3PenkqBwIVRsONseSFbZqkkYmh2TA=="
    }
  }
}
